
Microsoft Visual Studio Solution File, Format Version 12.00
# Visual Studio 15
VisualStudioVersion = 15.0.27428.2005
MinimumVisualStudioVersion = 10.0.40219.1
Project("{9092AA53-FB77-4645-B42D-1CCCA6BD08BD}") = "Server", "Server.njsproj", "{B9C7E997-9723-40D7-86CD-DF84EB50AE95}"
EndProject
Global
	GlobalSection(SolutionConfigurationPlatforms) = preSolution
		Debug|Any CPU = Debug|Any CPU
		Release|Any CPU = Release|Any CPU
	EndGlobalSection
	GlobalSection(ProjectConfigurationPlatforms) = postSolution
		{B9C7E997-9723-40D7-86CD-DF84EB50AE95}.Debug|Any CPU.ActiveCfg = Debug|Any CPU
		{B9C7E997-9723-40D7-86CD-DF84EB50AE95}.Debug|Any CPU.Build.0 = Debug|Any CPU
		{B9C7E997-9723-40D7-86CD-DF84EB50AE95}.Release|Any CPU.ActiveCfg = Release|Any CPU
		{B9C7E997-9723-40D7-86CD-DF84EB50AE95}.Release|Any CPU.Build.0 = Release|Any CPU
	EndGlobalSection
	GlobalSection(SolutionProperties) = preSolution
		HideSolutionNode = FALSE
	EndGlobalSection
	GlobalSection(ExtensibilityGlobals) = postSolution
		SolutionGuid = {BC6CAB29-1782-4AE5-88AD-64F338D7E54E}
	EndGlobalSection
EndGlobal
